Microsoft Visual Studio Solution File, Format Version 12.00
# Visual Studio Version 17
VisualStudioVersion = 17.5.2.0
MinimumVisualStudioVersion = 10.0.40219.1
Project("{FAE04EC0-301F-11D3-BF4B-00C04F79EFBC}") = "UserService.Infrastructure", "UserService.Infrastructure.csproj", "{39A57ECC-586F-12E9-D69C-972FB47A7E15}"
EndProject
Global
	GlobalSection(SolutionConfigurationPlatforms) = preSolution
		Debug|Any CPU = Debug|Any CPU
		Release|Any CPU = Release|Any CPU
	EndGlobalSection
	GlobalSection(ProjectConfigurationPlatforms) = postSolution
		{39A57ECC-586F-12E9-D69C-972FB47A7E15}.Debug|Any CPU.ActiveCfg = Debug|Any CPU
		{39A57ECC-586F-12E9-D69C-972FB47A7E15}.Debug|Any CPU.Build.0 = Debug|Any CPU
		{39A57ECC-586F-12E9-D69C-972FB47A7E15}.Release|Any CPU.ActiveCfg = Release|Any CPU
		{39A57ECC-586F-12E9-D69C-972FB47A7E15}.Release|Any CPU.Build.0 = Release|Any CPU
	EndGlobalSection
	GlobalSection(SolutionProperties) = preSolution
		HideSolutionNode = FALSE
	EndGlobalSection
	GlobalSection(ExtensibilityGlobals) = postSolution
		SolutionGuid = {B8AB0FFB-DCD0-4999-9705-CC9DB991F55F}
	EndGlobalSection
EndGlobal
